
Microsoft Visual Studio Solution File, Format Version 12.00
# Visual Studio Version 17
VisualStudioVersion = 17.9.34902.65
MinimumVisualStudioVersion = 10.0.40219.1
Project("{8BC9CEB8-8B4A-11D0-8D11-00A0C91BC942}") = "ProjectOne_Farino", "ProjectOne_Farino\ProjectOne_Farino.vcxproj", "{F6EACBBF-E770-4FEB-9499-A06CC6C0343F}"
EndProject
Global
	GlobalSection(SolutionConfigurationPlatforms) = preSolution
		Debug|x64 = Debug|x64
		Debug|x86 = Debug|x86
		Release|x64 = Release|x64
		Release|x86 = Release|x86
	EndGlobalSection
	GlobalSection(ProjectConfigurationPlatforms) = postSolution
		{F6EACBBF-E770-4FEB-9499-A06CC6C0343F}.Debug|x64.ActiveCfg = Debug|x64
		{F6EACBBF-E770-4FEB-9499-A06CC6C0343F}.Debug|x64.Build.0 = Debug|x64
		{F6EACBBF-E770-4FEB-9499-A06CC6C0343F}.Debug|x86.ActiveCfg = Debug|Win32
		{F6EACBBF-E770-4FEB-9499-A06CC6C0343F}.Debug|x86.Build.0 = Debug|Win32
		{F6EACBBF-E770-4FEB-9499-A06CC6C0343F}.Release|x64.ActiveCfg = Release|x64
		{F6EACBBF-E770-4FEB-9499-A06CC6C0343F}.Release|x64.Build.0 = Release|x64
		{F6EACBBF-E770-4FEB-9499-A06CC6C0343F}.Release|x86.ActiveCfg = Release|Win32
		{F6EACBBF-E770-4FEB-9499-A06CC6C0343F}.Release|x86.Build.0 = Release|Win32
	EndGlobalSection
	GlobalSection(SolutionProperties) = preSolution
		HideSolutionNode = FALSE
	EndGlobalSection
	GlobalSection(ExtensibilityGlobals) = postSolution
		SolutionGuid = {ECAB36FB-AE68-4572-9DF8-BFE12BC2BB6B}
	EndGlobalSection
EndGlobal
